// !$*UTF8*$!
{
	archiveVersion = 1;
	classes = {
	};
	objectVersion = 56;
	objects = {

/* Begin PBXBuildFile section */
		5705AD162B50F92B00525E37 /* PrintableInvoiceViewController.swift in Sources */ = {isa = PBXBuildFile; fileRef = 5705AD152B50F92B00525E37 /* PrintableInvoiceViewController.swift */; };
		570749C52B45DDB600BD918B /* OrderTableViewCell.swift in Sources */ = {isa = PBXBuildFile; fileRef = 570749C32B45DDB600BD918B /* OrderTableViewCell.swift */; };
		570749C62B45DDB600BD918B /* OrderTableViewCell.xib in Resources */ = {isa = PBXBuildFile; fileRef = 570749C42B45DDB600BD918B /* OrderTableViewCell.xib */; };
		57245B192B15560D0063A1DB /* CookbookViewController.swift in Sources */ = {isa = PBXBuildFile; fileRef = 57245B182B15560D0063A1DB /* CookbookViewController.swift */; };
		57245B1B2B1699040063A1DB /* RecipeViewController.swift in Sources */ = {isa = PBXBuildFile; fileRef = 57245B1A2B1699040063A1DB /* RecipeViewController.swift */; };
		572E727E2B180E2B0012B715 /* UnitsConverter.swift in Sources */ = {isa = PBXBuildFile; fileRef = 572E727D2B180E2B0012B715 /* UnitsConverter.swift */; };
		572E72802B22CE820012B715 /* PaddingLabel.swift in Sources */ = {isa = PBXBuildFile; fileRef = 572E727F2B22CE820012B715 /* PaddingLabel.swift */; };
		5732A8032B49FB83007D5970 /* OrderListTableViewCell.swift in Sources */ = {isa = PBXBuildFile; fileRef = 5732A8012B49FB83007D5970 /* OrderListTableViewCell.swift */; };
		5732A8042B49FB83007D5970 /* OrderListTableViewCell.xib in Resources */ = {isa = PBXBuildFile; fileRef = 5732A8022B49FB83007D5970 /* OrderListTableViewCell.xib */; };
		5732A8062B4A02A7007D5970 /* AddBorders.swift in Sources */ = {isa = PBXBuildFile; fileRef = 5732A8052B4A02A7007D5970 /* AddBorders.swift */; };
		5732A8082B4C7787007D5970 /* OrderViewController.swift in Sources */ = {isa = PBXBuildFile; fileRef = 5732A8072B4C7787007D5970 /* OrderViewController.swift */; };
		5734355A2AF1856F00BB3611 /* AppDelegate.swift in Sources */ = {isa = PBXBuildFile; fileRef = 573435592AF1856F00BB3611 /* AppDelegate.swift */; };
		5734355C2AF1856F00BB3611 /* SceneDelegate.swift in Sources */ = {isa = PBXBuildFile; fileRef = 5734355B2AF1856F00BB3611 /* SceneDelegate.swift */; };
		5734355E2AF1856F00BB3611 /* ViewController.swift in Sources */ = {isa = PBXBuildFile; fileRef = 5734355D2AF1856F00BB3611 /* ViewController.swift */; };
		573435612AF1856F00BB3611 /* Main.storyboard in Resources */ = {isa = PBXBuildFile; fileRef = 5734355F2AF1856F00BB3611 /* Main.storyboard */; };
		573435642AF1856F00BB3611 /* Home_Bake_Shop_Assistant.xcdatamodeld in Sources */ = {isa = PBXBuildFile; fileRef = 573435622AF1856F00BB3611 /* Home_Bake_Shop_Assistant.xcdatamodeld */; };
		573435662AF1857100BB3611 /* Assets.xcassets in Resources */ = {isa = PBXBuildFile; fileRef = 573435652AF1857100BB3611 /* Assets.xcassets */; };
		573435692AF1857100BB3611 /* LaunchScreen.storyboard in Resources */ = {isa = PBXBuildFile; fileRef = 573435672AF1857100BB3611 /* LaunchScreen.storyboard */; };
		573435712AF1860900BB3611 /* Main_iPhone.storyboard in Resources */ = {isa = PBXBuildFile; fileRef = 573435702AF1860900BB3611 /* Main_iPhone.storyboard */; };
		573435762AF194A800BB3611 /* BrettButton.swift in Sources */ = {isa = PBXBuildFile; fileRef = 573435752AF194A800BB3611 /* BrettButton.swift */; };
		577F03F12B37748700ABE3EF /* OrderListViewController.swift in Sources */ = {isa = PBXBuildFile; fileRef = 577F03F02B37748700ABE3EF /* OrderListViewController.swift */; };
		577F03F32B3876F700ABE3EF /* EditOrderViewController.swift in Sources */ = {isa = PBXBuildFile; fileRef = 577F03F22B3876F700ABE3EF /* EditOrderViewController.swift */; };
		577F03F52B3B46AE00ABE3EF /* CurrencyTextField.swift in Sources */ = {isa = PBXBuildFile; fileRef = 577F03F42B3B46AE00ABE3EF /* CurrencyTextField.swift */; };
		577F03F72B3B7C5F00ABE3EF /* CompanyInfoViewController.swift in Sources */ = {isa = PBXBuildFile; fileRef = 577F03F62B3B7C5F00ABE3EF /* CompanyInfoViewController.swift */; };
		578127F12B462A690088CF8D /* PercentageField.swift in Sources */ = {isa = PBXBuildFile; fileRef = 578127F02B462A690088CF8D /* PercentageField.swift */; };
		57C75D0F2B3E071100E8B32D /* EditCustomerViewController.swift in Sources */ = {isa = PBXBuildFile; fileRef = 57C75D0E2B3E071100E8B32D /* EditCustomerViewController.swift */; };
		57C75D112B3E125500E8B32D /* CustomerListViewController.swift in Sources */ = {isa = PBXBuildFile; fileRef = 57C75D102B3E125500E8B32D /* CustomerListViewController.swift */; };
		57C95FDA2AF6DBA0006130FB /* Constants.swift in Sources */ = {isa = PBXBuildFile; fileRef = 57C95FD92AF6DBA0006130FB /* Constants.swift */; };
		57C95FDF2AFC0A96006130FB /* EditRecipeViewController.swift in Sources */ = {isa = PBXBuildFile; fileRef = 57C95FDE2AFC0A96006130FB /* EditRecipeViewController.swift */; };
		57C95FE12AFC9229006130FB /* AddIngredientViewController.swift in Sources */ = {isa = PBXBuildFile; fileRef = 57C95FE02AFC9229006130FB /* AddIngredientViewController.swift */; };
		57C95FE42AFC96C3006130FB /* IngredientTableViewCell.swift in Sources */ = {isa = PBXBuildFile; fileRef = 57C95FE22AFC96C3006130FB /* IngredientTableViewCell.swift */; };
		57C95FE52AFC96C3006130FB /* IngredientTableViewCell.xib in Resources */ = {isa = PBXBuildFile; fileRef = 57C95FE32AFC96C3006130FB /* IngredientTableViewCell.xib */; };
		57C95FE82AFC9E80006130FB /* SwipeCellKit in Frameworks */ = {isa = PBXBuildFile; productRef = 57C95FE72AFC9E80006130FB /* SwipeCellKit */; };
/* End PBXBuildFile section */

/* Begin PBXFileReference section */
		5705AD152B50F92B00525E37 /* PrintableInvoiceViewController.swift */ = {isa = PBXFileReference; lastKnownFileType = sourcecode.swift; path = PrintableInvoiceViewController.swift; sourceTree = "<group>"; };
		570749C32B45DDB600BD918B /* OrderTableViewCell.swift */ = {isa = PBXFileReference; lastKnownFileType = sourcecode.swift; path = OrderTableViewCell.swift; sourceTree = "<group>"; };
		570749C42B45DDB600BD918B /* OrderTableViewCell.xib */ = {isa = PBXFileReference; lastKnownFileType = file.xib; path = OrderTableViewCell.xib; sourceTree = "<group>"; };
		57245B182B15560D0063A1DB /* CookbookViewController.swift */ = {isa = PBXFileReference; lastKnownFileType = sourcecode.swift; path = CookbookViewController.swift; sourceTree = "<group>"; };
		57245B1A2B1699040063A1DB /* RecipeViewController.swift */ = {isa = PBXFileReference; lastKnownFileType = sourcecode.swift; path = RecipeViewController.swift; sourceTree = "<group>"; };
		572E727D2B180E2B0012B715 /* UnitsConverter.swift */ = {isa = PBXFileReference; lastKnownFileType = sourcecode.swift; path = UnitsConverter.swift; sourceTree = "<group>"; };
		572E727F2B22CE820012B715 /* PaddingLabel.swift */ = {isa = PBXFileReference; lastKnownFileType = sourcecode.swift; path = PaddingLabel.swift; sourceTree = "<group>"; };
		5732A8012B49FB83007D5970 /* OrderListTableViewCell.swift */ = {isa = PBXFileReference; lastKnownFileType = sourcecode.swift; path = OrderListTableViewCell.swift; sourceTree = "<group>"; };
		5732A8022B49FB83007D5970 /* OrderListTableViewCell.xib */ = {isa = PBXFileReference; lastKnownFileType = file.xib; path = OrderListTableViewCell.xib; sourceTree = "<group>"; };
		5732A8052B4A02A7007D5970 /* AddBorders.swift */ = {isa = PBXFileReference; lastKnownFileType = sourcecode.swift; path = AddBorders.swift; sourceTree = "<group>"; };
		5732A8072B4C7787007D5970 /* OrderViewController.swift */ = {isa = PBXFileReference; lastKnownFileType = sourcecode.swift; path = OrderViewController.swift; sourceTree = "<group>"; };
		573435562AF1856F00BB3611 /* Home Bake Shop Assistant.app */ = {isa = PBXFileReference; explicitFileType = wrapper.application; includeInIndex = 0; path = "Home Bake Shop Assistant.app"; sourceTree = BUILT_PRODUCTS_DIR; };
		573435592AF1856F00BB3611 /* AppDelegate.swift */ = {isa = PBXFileReference; lastKnownFileType = sourcecode.swift; path = AppDelegate.swift; sourceTree = "<group>"; };
		5734355B2AF1856F00BB3611 /* SceneDelegate.swift */ = {isa = PBXFileReference; lastKnownFileType = sourcecode.swift; path = SceneDelegate.swift; sourceTree = "<group>"; };
		5734355D2AF1856F00BB3611 /* ViewController.swift */ = {isa = PBXFileReference; lastKnownFileType = sourcecode.swift; path = ViewController.swift; sourceTree = "<group>"; };
		573435602AF1856F00BB3611 /* Base */ = {isa = PBXFileReference; lastKnownFileType = file.storyboard; name = Base; path = Base.lproj/Main.storyboard; sourceTree = "<group>"; };
		573435632AF1856F00BB3611 /* Home_Bake_Shop_Assistant.xcdatamodel */ = {isa = PBXFileReference; lastKnownFileType = wrapper.xcdatamodel; path = Home_Bake_Shop_Assistant.xcdatamodel; sourceTree = "<group>"; };
		573435652AF1857100BB3611 /* Assets.xcassets */ = {isa = PBXFileReference; lastKnownFileType = folder.assetcatalog; path = Assets.xcassets; sourceTree = "<group>"; };
		573435682AF1857100BB3611 /* Base */ = {isa = PBXFileReference; lastKnownFileType = file.storyboard; name = Base; path = Base.lproj/LaunchScreen.storyboard; sourceTree = "<group>"; };
		5734356A2AF1857100BB3611 /* Info.plist */ = {isa = PBXFileReference; lastKnownFileType = text.plist.xml; path = Info.plist; sourceTree = "<group>"; };
		573435702AF1860900BB3611 /* Main_iPhone.storyboard */ = {isa = PBXFileReference; lastKnownFileType = file.storyboard; path = Main_iPhone.storyboard; sourceTree = "<group>"; };
		573435752AF194A800BB3611 /* BrettButton.swift */ = {isa = PBXFileReference; lastKnownFileType = sourcecode.swift; path = BrettButton.swift; sourceTree = "<group>"; };
		577F03F02B37748700ABE3EF /* OrderListViewController.swift */ = {isa = PBXFileReference; lastKnownFileType = sourcecode.swift; path = OrderListViewController.swift; sourceTree = "<group>"; };
		577F03F22B3876F700ABE3EF /* EditOrderViewController.swift */ = {isa = PBXFileReference; lastKnownFileType = sourcecode.swift; path = EditOrderViewController.swift; sourceTree = "<group>"; };
		577F03F42B3B46AE00ABE3EF /* CurrencyTextField.swift */ = {isa = PBXFileReference; lastKnownFileType = sourcecode.swift; path = CurrencyTextField.swift; sourceTree = "<group>"; };
		577F03F62B3B7C5F00ABE3EF /* CompanyInfoViewController.swift */ = {isa = PBXFileReference; lastKnownFileType = sourcecode.swift; path = CompanyInfoViewController.swift; sourceTree = "<group>"; };
		578127F02B462A690088CF8D /* PercentageField.swift */ = {isa = PBXFileReference; lastKnownFileType = sourcecode.swift; path = PercentageField.swift; sourceTree = "<group>"; };
		57C75D0E2B3E071100E8B32D /* EditCustomerViewController.swift */ = {isa = PBXFileReference; lastKnownFileType = sourcecode.swift; path = EditCustomerViewController.swift; sourceTree = "<group>"; };
		57C75D102B3E125500E8B32D /* CustomerListViewController.swift */ = {isa = PBXFileReference; lastKnownFileType = sourcecode.swift; path = CustomerListViewController.swift; sourceTree = "<group>"; };
		57C95FD92AF6DBA0006130FB /* Constants.swift */ = {isa = PBXFileReference; lastKnownFileType = sourcecode.swift; path = Constants.swift; sourceTree = "<group>"; };
		57C95FDD2AFACB48006130FB /* Home Bake Shop Assistant.entitlements */ = {isa = PBXFileReference; lastKnownFileType = text.plist.entitlements; path = "Home Bake Shop Assistant.entitlements"; sourceTree = "<group>"; };
		57C95FDE2AFC0A96006130FB /* EditRecipeViewController.swift */ = {isa = PBXFileReference; lastKnownFileType = sourcecode.swift; path = EditRecipeViewController.swift; sourceTree = "<group>"; };
		57C95FE02AFC9229006130FB /* AddIngredientViewController.swift */ = {isa = PBXFileReference; lastKnownFileType = sourcecode.swift; path = AddIngredientViewController.swift; sourceTree = "<group>"; };
		57C95FE22AFC96C3006130FB /* IngredientTableViewCell.swift */ = {isa = PBXFileReference; lastKnownFileType = sourcecode.swift; path = IngredientTableViewCell.swift; sourceTree = "<group>"; };
		57C95FE32AFC96C3006130FB /* IngredientTableViewCell.xib */ = {isa = PBXFileReference; lastKnownFileType = file.xib; path = IngredientTableViewCell.xib; sourceTree = "<group>"; };
/* End PBXFileReference section */

/* Begin PBXFrameworksBuildPhase section */
		573435532AF1856F00BB3611 /* Frameworks */ = {
			isa = PBXFrameworksBuildPhase;
			buildActionMask = 2147483647;
			files = (
				57C95FE82AFC9E80006130FB /* SwipeCellKit in Frameworks */,
			);
			runOnlyForDeploymentPostprocessing = 0;
		};
/* End PBXFrameworksBuildPhase section */

/* Begin PBXGroup section */
		5734354D2AF1856F00BB3611 = {
			isa = PBXGroup;
			children = (
				573435582AF1856F00BB3611 /* Home Bake Shop Assistant */,
				573435572AF1856F00BB3611 /* Products */,
			);
			sourceTree = "<group>";
		};
		573435572AF1856F00BB3611 /* Products */ = {
			isa = PBXGroup;
			children = (
				573435562AF1856F00BB3611 /* Home Bake Shop Assistant.app */,
			);
			name = Products;
			sourceTree = "<group>";
		};
		573435582AF1856F00BB3611 /* Home Bake Shop Assistant */ = {
			isa = PBXGroup;
			children = (
				57C95FDD2AFACB48006130FB /* Home Bake Shop Assistant.entitlements */,
				573435592AF1856F00BB3611 /* AppDelegate.swift */,
				5734355B2AF1856F00BB3611 /* SceneDelegate.swift */,
				573435742AF192CA00BB3611 /* Models */,
				573435732AF192BF00BB3611 /* Views */,
				573435722AF192A100BB3611 /* Controllers */,
				573435652AF1857100BB3611 /* Assets.xcassets */,
				5734356A2AF1857100BB3611 /* Info.plist */,
			);
			path = "Home Bake Shop Assistant";
			sourceTree = "<group>";
		};
		573435722AF192A100BB3611 /* Controllers */ = {
			isa = PBXGroup;
			children = (
				5734355D2AF1856F00BB3611 /* ViewController.swift */,
				57245B182B15560D0063A1DB /* CookbookViewController.swift */,
				57245B1A2B1699040063A1DB /* RecipeViewController.swift */,
				57C95FDE2AFC0A96006130FB /* EditRecipeViewController.swift */,
				57C95FE02AFC9229006130FB /* AddIngredientViewController.swift */,
				577F03F02B37748700ABE3EF /* OrderListViewController.swift */,
				5732A8072B4C7787007D5970 /* OrderViewController.swift */,
				577F03F22B3876F700ABE3EF /* EditOrderViewController.swift */,
				5705AD152B50F92B00525E37 /* PrintableInvoiceViewController.swift */,
				577F03F62B3B7C5F00ABE3EF /* CompanyInfoViewController.swift */,
				57C75D102B3E125500E8B32D /* CustomerListViewController.swift */,
				57C75D0E2B3E071100E8B32D /* EditCustomerViewController.swift */,
			);
			path = Controllers;
			sourceTree = "<group>";
		};
		573435732AF192BF00BB3611 /* Views */ = {
			isa = PBXGroup;
			children = (
				5734355F2AF1856F00BB3611 /* Main.storyboard */,
				573435702AF1860900BB3611 /* Main_iPhone.storyboard */,
				573435672AF1857100BB3611 /* LaunchScreen.storyboard */,
				57C95FE32AFC96C3006130FB /* IngredientTableViewCell.xib */,
				570749C42B45DDB600BD918B /* OrderTableViewCell.xib */,
				5732A8022B49FB83007D5970 /* OrderListTableViewCell.xib */,
			);
			path = Views;
			sourceTree = "<group>";
		};
		573435742AF192CA00BB3611 /* Models */ = {
			isa = PBXGroup;
			children = (
				573435752AF194A800BB3611 /* BrettButton.swift */,
				577F03F42B3B46AE00ABE3EF /* CurrencyTextField.swift */,
				578127F02B462A690088CF8D /* PercentageField.swift */,
				57C95FD92AF6DBA0006130FB /* Constants.swift */,
				572E727F2B22CE820012B715 /* PaddingLabel.swift */,
				572E727D2B180E2B0012B715 /* UnitsConverter.swift */,
				5732A8052B4A02A7007D5970 /* AddBorders.swift */,
				573435622AF1856F00BB3611 /* Home_Bake_Shop_Assistant.xcdatamodeld */,
				57C95FE22AFC96C3006130FB /* IngredientTableViewCell.swift */,
				570749C32B45DDB600BD918B /* OrderTableViewCell.swift */,
				5732A8012B49FB83007D5970 /* OrderListTableViewCell.swift */,
			);
			path = Models;
			sourceTree = "<group>";
		};
/* End PBXGroup section */

/* Begin PBXNativeTarget section */
		573435552AF1856F00BB3611 /* Home Bake Shop Assistant */ = {
			isa = PBXNativeTarget;
			buildConfigurationList = 5734356D2AF1857100BB3611 /* Build configuration list for PBXNativeTarget "Home Bake Shop Assistant" */;
			buildPhases = (
				573435522AF1856F00BB3611 /* Sources */,
				573435532AF1856F00BB3611 /* Frameworks */,
				573435542AF1856F00BB3611 /* Resources */,
			);
			buildRules = (
			);
			dependencies = (
			);
			name = "Home Bake Shop Assistant";
			packageProductDependencies = (
				57C95FE72AFC9E80006130FB /* SwipeCellKit */,
			);
			productName = "Home Bake Shop Assistant";
			productReference = 573435562AF1856F00BB3611 /* Home Bake Shop Assistant.app */;
			productType = "com.apple.product-type.application";
		};
/* End PBXNativeTarget section */

/* Begin PBXProject section */
		5734354E2AF1856F00BB3611 /* Project object */ = {
			isa = PBXProject;
			attributes = {
				BuildIndependentTargetsInParallel = 1;
				LastSwiftUpdateCheck = 1500;
				LastUpgradeCheck = 1500;
				TargetAttributes = {
					573435552AF1856F00BB3611 = {
						CreatedOnToolsVersion = 15.0.1;
					};
				};
			};
			buildConfigurationList = 573435512AF1856F00BB3611 /* Build configuration list for PBXProject "Home Bake Shop Assistant" */;
			compatibilityVersion = "Xcode 14.0";
			developmentRegion = en;
			hasScannedForEncodings = 0;
			knownRegions = (
				en,
				Base,
			);
			mainGroup = 5734354D2AF1856F00BB3611;
			packageReferences = (
				57C95FE62AFC9E80006130FB /* XCRemoteSwiftPackageReference "SwipeCellKit" */,
			);
			productRefGroup = 573435572AF1856F00BB3611 /* Products */;
			projectDirPath = "";
			projectRoot = "";
			targets = (
				573435552AF1856F00BB3611 /* Home Bake Shop Assistant */,
			);
		};
/* End PBXProject section */

/* Begin PBXResourcesBuildPhase section */
		573435542AF1856F00BB3611 /* Resources */ = {
			isa = PBXResourcesBuildPhase;
			buildActionMask = 2147483647;
			files = (
				570749C62B45DDB600BD918B /* OrderTableViewCell.xib in Resources */,
				57C95FE52AFC96C3006130FB /* IngredientTableViewCell.xib in Resources */,
				573435712AF1860900BB3611 /* Main_iPhone.storyboard in Resources */,
				573435692AF1857100BB3611 /* LaunchScreen.storyboard in Resources */,
				573435662AF1857100BB3611 /* Assets.xcassets in Resources */,
				5732A8042B49FB83007D5970 /* OrderListTableViewCell.xib in Resources */,
				573435612AF1856F00BB3611 /* Main.storyboard in Resources */,
			);
			runOnlyForDeploymentPostprocessing = 0;
		};
/* End PBXResourcesBuildPhase section */

/* Begin PBXSourcesBuildPhase section */
		573435522AF1856F00BB3611 /* Sources */ = {
			isa = PBXSourcesBuildPhase;
			buildActionMask = 2147483647;
			files = (
				5734355E2AF1856F00BB3611 /* ViewController.swift in Sources */,
				5734355A2AF1856F00BB3611 /* AppDelegate.swift in Sources */,
				573435642AF1856F00BB3611 /* Home_Bake_Shop_Assistant.xcdatamodeld in Sources */,
				577F03F12B37748700ABE3EF /* OrderListViewController.swift in Sources */,
				578127F12B462A690088CF8D /* PercentageField.swift in Sources */,
				577F03F72B3B7C5F00ABE3EF /* CompanyInfoViewController.swift in Sources */,
				573435762AF194A800BB3611 /* BrettButton.swift in Sources */,
				570749C52B45DDB600BD918B /* OrderTableViewCell.swift in Sources */,
				57C75D0F2B3E071100E8B32D /* EditCustomerViewController.swift in Sources */,
				5734355C2AF1856F00BB3611 /* SceneDelegate.swift in Sources */,
				5732A8032B49FB83007D5970 /* OrderListTableViewCell.swift in Sources */,
				577F03F52B3B46AE00ABE3EF /* CurrencyTextField.swift in Sources */,
				57245B1B2B1699040063A1DB /* RecipeViewController.swift in Sources */,
				5732A8062B4A02A7007D5970 /* AddBorders.swift in Sources */,
				57C95FDF2AFC0A96006130FB /* EditRecipeViewController.swift in Sources */,
				577F03F32B3876F700ABE3EF /* EditOrderViewController.swift in Sources */,
				57C95FDA2AF6DBA0006130FB /* Constants.swift in Sources */,
				57C95FE12AFC9229006130FB /* AddIngredientViewController.swift in Sources */,
				5705AD162B50F92B00525E37 /* PrintableInvoiceViewController.swift in Sources */,
				57C75D112B3E125500E8B32D /* CustomerListViewController.swift in Sources */,
				57C95FE42AFC96C3006130FB /* IngredientTableViewCell.swift in Sources */,
				572E72802B22CE820012B715 /* PaddingLabel.swift in Sources */,
				572E727E2B180E2B0012B715 /* UnitsConverter.swift in Sources */,
				57245B192B15560D0063A1DB /* CookbookViewController.swift in Sources */,
				5732A8082B4C7787007D5970 /* OrderViewController.swift in Sources */,
			);
			runOnlyForDeploymentPostprocessing = 0;
		};
/* End PBXSourcesBuildPhase section */

/* Begin PBXVariantGroup section */
		5734355F2AF1856F00BB3611 /* Main.storyboard */ = {
			isa = PBXVariantGroup;
			children = (
				573435602AF1856F00BB3611 /* Base */,
			);
			name = Main.storyboard;
			sourceTree = "<group>";
		};
		573435672AF1857100BB3611 /* LaunchScreen.storyboard */ = {
			isa = PBXVariantGroup;
			children = (
				573435682AF1857100BB3611 /* Base */,
			);
			name = LaunchScreen.storyboard;
			sourceTree = "<group>";
		};
/* End PBXVariantGroup section */

/* Begin XCBuildConfiguration section */
		5734356B2AF1857100BB3611 /* Debug */ = {
			isa = XCBuildConfiguration;
			buildSettings = {
				ALWAYS_SEARCH_USER_PATHS = NO;
				ASSETCATALOG_COMPILER_GENERATE_SWIFT_ASSET_SYMBOL_EXTENSIONS = YES;
				CLANG_ANALYZER_NONNULL = YES;
				CLANG_ANALYZER_NUMBER_OBJECT_CONVERSION = YES_AGGRESSIVE;
				CLANG_CXX_LANGUAGE_STANDARD = "gnu++20";
				CLANG_ENABLE_MODULES = YES;
				CLANG_ENABLE_OBJC_ARC = YES;
				CLANG_ENABLE_OBJC_WEAK = YES;
				CLANG_WARN_BLOCK_CAPTURE_AUTORELEASING = YES;
				CLANG_WARN_BOOL_CONVERSION = YES;
				CLANG_WARN_COMMA = YES;
				CLANG_WARN_CONSTANT_CONVERSION = YES;
				CLANG_WARN_DEPRECATED_OBJC_IMPLEMENTATIONS = YES;
				CLANG_WARN_DIRECT_OBJC_ISA_USAGE = YES_ERROR;
				CLANG_WARN_DOCUMENTATION_COMMENTS = YES;
				CLANG_WARN_EMPTY_BODY = YES;
				CLANG_WARN_ENUM_CONVERSION = YES;
				CLANG_WARN_INFINITE_RECURSION = YES;
				CLANG_WARN_INT_CONVERSION = YES;
				CLANG_WARN_NON_LITERAL_NULL_CONVERSION = YES;
				CLANG_WARN_OBJC_IMPLICIT_RETAIN_SELF = YES;
				CLANG_WARN_OBJC_LITERAL_CONVERSION = YES;
				CLANG_WARN_OBJC_ROOT_CLASS = YES_ERROR;
				CLANG_WARN_QUOTED_INCLUDE_IN_FRAMEWORK_HEADER = YES;
				CLANG_WARN_RANGE_LOOP_ANALYSIS = YES;
				CLANG_WARN_STRICT_PROTOTYPES = YES;
				CLANG_WARN_SUSPICIOUS_MOVE = YES;
				CLANG_WARN_UNGUARDED_AVAILABILITY = YES_AGGRESSIVE;
				CLANG_WARN_UNREACHABLE_CODE = YES;
				CLANG_WARN__DUPLICATE_METHOD_MATCH = YES;
				COPY_PHASE_STRIP = NO;
				DEBUG_INFORMATION_FORMAT = dwarf;
				ENABLE_STRICT_OBJC_MSGSEND = YES;
				ENABLE_TESTABILITY = YES;
				ENABLE_USER_SCRIPT_SANDBOXING = YES;
				GCC_C_LANGUAGE_STANDARD = gnu17;
				GCC_DYNAMIC_NO_PIC = NO;
				GCC_NO_COMMON_BLOCKS = YES;
				GCC_OPTIMIZATION_LEVEL = 0;
				GCC_PREPROCESSOR_DEFINITIONS = (
					"DEBUG=1",
					"$(inherited)",
				);
				GCC_WARN_64_TO_32_BIT_CONVERSION = YES;
				GCC_WARN_ABOUT_RETURN_TYPE = YES_ERROR;
				GCC_WARN_UNDECLARED_SELECTOR = YES;
				GCC_WARN_UNINITIALIZED_AUTOS = YES_AGGRESSIVE;
				GCC_WARN_UNUSED_FUNCTION = YES;
				GCC_WARN_UNUSED_VARIABLE = YES;
				IPHONEOS_DEPLOYMENT_TARGET = 17.0;
				LOCALIZATION_PREFERS_STRING_CATALOGS = YES;
				MTL_ENABLE_DEBUG_INFO = INCLUDE_SOURCE;
				MTL_FAST_MATH = YES;
				ONLY_ACTIVE_ARCH = YES;
				SDKROOT = iphoneos;
				SWIFT_ACTIVE_COMPILATION_CONDITIONS = "DEBUG $(inherited)";
				SWIFT_OPTIMIZATION_LEVEL = "-Onone";
			};
			name = Debug;
		};
		5734356C2AF1857100BB3611 /* Release */ = {
			isa = XCBuildConfiguration;
			buildSettings = {
				ALWAYS_SEARCH_USER_PATHS = NO;
				ASSETCATALOG_COMPILER_GENERATE_SWIFT_ASSET_SYMBOL_EXTENSIONS = YES;
				CLANG_ANALYZER_NONNULL = YES;
				CLANG_ANALYZER_NUMBER_OBJECT_CONVERSION = YES_AGGRESSIVE;
				CLANG_CXX_LANGUAGE_STANDARD = "gnu++20";
				CLANG_ENABLE_MODULES = YES;
				CLANG_ENABLE_OBJC_ARC = YES;
				CLANG_ENABLE_OBJC_WEAK = YES;
				CLANG_WARN_BLOCK_CAPTURE_AUTORELEASING = YES;
				CLANG_WARN_BOOL_CONVERSION = YES;
				CLANG_WARN_COMMA = YES;
				CLANG_WARN_CONSTANT_CONVERSION = YES;
				CLANG_WARN_DEPRECATED_OBJC_IMPLEMENTATIONS = YES;
				CLANG_WARN_DIRECT_OBJC_ISA_USAGE = YES_ERROR;
				CLANG_WARN_DOCUMENTATION_COMMENTS = YES;
				CLANG_WARN_EMPTY_BODY = YES;
				CLANG_WARN_ENUM_CONVERSION = YES;
				CLANG_WARN_INFINITE_RECURSION = YES;
				CLANG_WARN_INT_CONVERSION = YES;
				CLANG_WARN_NON_LITERAL_NULL_CONVERSION = YES;
				CLANG_WARN_OBJC_IMPLICIT_RETAIN_SELF = YES;
				CLANG_WARN_OBJC_LITERAL_CONVERSION = YES;
				CLANG_WARN_OBJC_ROOT_CLASS = YES_ERROR;
				CLANG_WARN_QUOTED_INCLUDE_IN_FRAMEWORK_HEADER = YES;
				CLANG_WARN_RANGE_LOOP_ANALYSIS = YES;
				CLANG_WARN_STRICT_PROTOTYPES = YES;
				CLANG_WARN_SUSPICIOUS_MOVE = YES;
				CLANG_WARN_UNGUARDED_AVAILABILITY = YES_AGGRESSIVE;
				CLANG_WARN_UNREACHABLE_CODE = YES;
				CLANG_WARN__DUPLICATE_METHOD_MATCH = YES;
				COPY_PHASE_STRIP = NO;
				DEBUG_INFORMATION_FORMAT = "dwarf-with-dsym";
				ENABLE_NS_ASSERTIONS = NO;
				ENABLE_STRICT_OBJC_MSGSEND = YES;
				ENABLE_USER_SCRIPT_SANDBOXING = YES;
				GCC_C_LANGUAGE_STANDARD = gnu17;
				GCC_NO_COMMON_BLOCKS = YES;
				GCC_WARN_64_TO_32_BIT_CONVERSION = YES;
				GCC_WARN_ABOUT_RETURN_TYPE = YES_ERROR;
				GCC_WARN_UNDECLARED_SELECTOR = YES;
				GCC_WARN_UNINITIALIZED_AUTOS = YES_AGGRESSIVE;
				GCC_WARN_UNUSED_FUNCTION = YES;
				GCC_WARN_UNUSED_VARIABLE = YES;
				IPHONEOS_DEPLOYMENT_TARGET = 17.0;
				LOCALIZATION_PREFERS_STRING_CATALOGS = YES;
				MTL_ENABLE_DEBUG_INFO = NO;
				MTL_FAST_MATH = YES;
				SDKROOT = iphoneos;
				SWIFT_COMPILATION_MODE = wholemodule;
				VALIDATE_PRODUCT = YES;
			};
			name = Release;
		};
		5734356E2AF1857100BB3611 /* Debug */ = {
			isa = XCBuildConfiguration;
			buildSettings = {
				ASSETCATALOG_COMPILER_APPICON_NAME = AppIcon;
				ASSETCATALOG_COMPILER_GLOBAL_ACCENT_COLOR_NAME = AccentColor;
				CODE_SIGN_ENTITLEMENTS = "Home Bake Shop Assistant/Home Bake Shop Assistant.entitlements";
				CODE_SIGN_STYLE = Automatic;
				CURRENT_PROJECT_VERSION = 1;
				DEVELOPMENT_TEAM = P27MXGG7KT;
				GENERATE_INFOPLIST_FILE = YES;
				INFOPLIST_FILE = "Home Bake Shop Assistant/Info.plist";
				INFOPLIST_KEY_LSApplicationCategoryType = "public.app-category.business";
				INFOPLIST_KEY_UIApplicationSupportsIndirectInputEvents = YES;
				INFOPLIST_KEY_UILaunchStoryboardName = LaunchScreen;
				INFOPLIST_KEY_UIMainStoryboardFile = Main;
				INFOPLIST_KEY_UISupportedInterfaceOrientations_iPad = "UIInterfaceOrientationPortrait UIInterfaceOrientationPortraitUpsideDown UIInterfaceOrientationLandscapeLeft UIInterfaceOrientationLandscapeRight";
				INFOPLIST_KEY_UISupportedInterfaceOrientations_iPhone = "UIInterfaceOrientationPortrait UIInterfaceOrientationLandscapeLeft UIInterfaceOrientationLandscapeRight";
				IPHONEOS_DEPLOYMENT_TARGET = 16.0;
				LD_RUNPATH_SEARCH_PATHS = (
					"$(inherited)",
					"@executable_path/Frameworks",
				);
				MARKETING_VERSION = 1.0;
				PRODUCT_BUNDLE_IDENTIFIER = "com.BrettB.Home-Bake-Shop-Assistant";
				PRODUCT_NAME = "$(TARGET_NAME)";
				SWIFT_EMIT_LOC_STRINGS = YES;
				SWIFT_VERSION = 5.0;
				TARGETED_DEVICE_FAMILY = "1,2";
			};
			name = Debug;
		};
		5734356F2AF1857100BB3611 /* Release */ = {
			isa = XCBuildConfiguration;
			buildSettings = {
				ASSETCATALOG_COMPILER_APPICON_NAME = AppIcon;
				ASSETCATALOG_COMPILER_GLOBAL_ACCENT_COLOR_NAME = AccentColor;
				CODE_SIGN_ENTITLEMENTS = "Home Bake Shop Assistant/Home Bake Shop Assistant.entitlements";
				CODE_SIGN_STYLE = Automatic;
				CURRENT_PROJECT_VERSION = 1;
				DEVELOPMENT_TEAM = P27MXGG7KT;
				GENERATE_INFOPLIST_FILE = YES;
				INFOPLIST_FILE = "Home Bake Shop Assistant/Info.plist";
				INFOPLIST_KEY_LSApplicationCategoryType = "public.app-category.business";
				INFOPLIST_KEY_UIApplicationSupportsIndirectInputEvents = YES;
				INFOPLIST_KEY_UILaunchStoryboardName = LaunchScreen;
				INFOPLIST_KEY_UIMainStoryboardFile = Main;
				INFOPLIST_KEY_UISupportedInterfaceOrientations_iPad = "UIInterfaceOrientationPortrait UIInterfaceOrientationPortraitUpsideDown UIInterfaceOrientationLandscapeLeft UIInterfaceOrientationLandscapeRight";
				INFOPLIST_KEY_UISupportedInterfaceOrientations_iPhone = "UIInterfaceOrientationPortrait UIInterfaceOrientationLandscapeLeft UIInterfaceOrientationLandscapeRight";
				IPHONEOS_DEPLOYMENT_TARGET = 16.0;
				LD_RUNPATH_SEARCH_PATHS = (
					"$(inherited)",
					"@executable_path/Frameworks",
				);
				MARKETING_VERSION = 1.0;
				PRODUCT_BUNDLE_IDENTIFIER = "com.BrettB.Home-Bake-Shop-Assistant";
				PRODUCT_NAME = "$(TARGET_NAME)";
				SWIFT_EMIT_LOC_STRINGS = YES;
				SWIFT_VERSION = 5.0;
				TARGETED_DEVICE_FAMILY = "1,2";
			};
			name = Release;
		};
/* End XCBuildConfiguration section */

/* Begin XCConfigurationList section */
		573435512AF1856F00BB3611 /* Build configuration list for PBXProject "Home Bake Shop Assistant" */ = {
			isa = XCConfigurationList;
			buildConfigurations = (
				5734356B2AF1857100BB3611 /* Debug */,
				5734356C2AF1857100BB3611 /* Release */,
			);
			defaultConfigurationIsVisible = 0;
			defaultConfigurationName = Release;
		};
		5734356D2AF1857100BB3611 /* Build configuration list for PBXNativeTarget "Home Bake Shop Assistant" */ = {
			isa = XCConfigurationList;
			buildConfigurations = (
				5734356E2AF1857100BB3611 /* Debug */,
				5734356F2AF1857100BB3611 /* Release */,
			);
			defaultConfigurationIsVisible = 0;
			defaultConfigurationName = Release;
		};
/* End XCConfigurationList section */

/* Begin XCRemoteSwiftPackageReference section */
		57C95FE62AFC9E80006130FB /* XCRemoteSwiftPackageReference "SwipeCellKit" */ = {
			isa = XCRemoteSwiftPackageReference;
			repositoryURL = "https://github.com/SwipeCellKit/SwipeCellKit";
			requirement = {
				kind = upToNextMajorVersion;
				minimumVersion = 2.7.1;
			};
		};
/* End XCRemoteSwiftPackageReference section */

/* Begin XCSwiftPackageProductDependency section */
		57C95FE72AFC9E80006130FB /* SwipeCellKit */ = {
			isa = XCSwiftPackageProductDependency;
			package = 57C95FE62AFC9E80006130FB /* XCRemoteSwiftPackageReference "SwipeCellKit" */;
			productName = SwipeCellKit;
		};
/* End XCSwiftPackageProductDependency section */

/* Begin XCVersionGroup section */
		573435622AF1856F00BB3611 /* Home_Bake_Shop_Assistant.xcdatamodeld */ = {
			isa = XCVersionGroup;
			children = (
				573435632AF1856F00BB3611 /* Home_Bake_Shop_Assistant.xcdatamodel */,
			);
			currentVersion = 573435632AF1856F00BB3611 /* Home_Bake_Shop_Assistant.xcdatamodel */;
			path = Home_Bake_Shop_Assistant.xcdatamodeld;
			sourceTree = "<group>";
			versionGroupType = wrapper.xcdatamodel;
		};
/* End XCVersionGroup section */
	};
	rootObject = 5734354E2AF1856F00BB3611 /* Project object */;
}
